
Microsoft Visual Studio Solution File, Format Version 12.00
# Visual Studio 15
VisualStudioVersion = 15.0.28307.902
MinimumVisualStudioVersion = 10.0.40219.1
Project("{FAE04EC0-301F-11D3-BF4B-00C04F79EFBC}") = "UbtRfidScanner", "UbtRfidScanner\UbtRfidScanner.csproj", "{FB03010A-F3B8-4845-84DB-53D4CF876DF5}"
EndProject
Project("{FAE04EC0-301F-11D3-BF4B-00C04F79EFBC}") = "UbtRfidScannerCaller", "UbtRfidScannerCaller\UbtRfidScannerCaller.csproj", "{8156A843-3065-446A-92DF-A31E8B1680E1}"
EndProject
Global
	GlobalSection(SolutionConfigurationPlatforms) = preSolution
		Debug|Any CPU = Debug|Any CPU
		Release|Any CPU = Release|Any CPU
	EndGlobalSection
	GlobalSection(ProjectConfigurationPlatforms) = postSolution
		{FB03010A-F3B8-4845-84DB-53D4CF876DF5}.Debug|Any CPU.ActiveCfg = Debug|Any CPU
		{FB03010A-F3B8-4845-84DB-53D4CF876DF5}.Debug|Any CPU.Build.0 = Debug|Any CPU
		{FB03010A-F3B8-4845-84DB-53D4CF876DF5}.Release|Any CPU.ActiveCfg = Release|Any CPU
		{FB03010A-F3B8-4845-84DB-53D4CF876DF5}.Release|Any CPU.Build.0 = Release|Any CPU
		{8156A843-3065-446A-92DF-A31E8B1680E1}.Debug|Any CPU.ActiveCfg = Debug|Any CPU
		{8156A843-3065-446A-92DF-A31E8B1680E1}.Debug|Any CPU.Build.0 = Debug|Any CPU
		{8156A843-3065-446A-92DF-A31E8B1680E1}.Release|Any CPU.ActiveCfg = Release|Any CPU
		{8156A843-3065-446A-92DF-A31E8B1680E1}.Release|Any CPU.Build.0 = Release|Any CPU
	EndGlobalSection
	GlobalSection(SolutionProperties) = preSolution
		HideSolutionNode = FALSE
	EndGlobalSection
	GlobalSection(ExtensibilityGlobals) = postSolution
		SolutionGuid = {79444FDE-8024-4288-A6FE-DCC8DC5BD0D8}
	EndGlobalSection
EndGlobal
